PODS:
  - LicensePlist (3.0.5)
  - SwiftLint (0.43.0)

DEPENDENCIES:
  - LicensePlist
  - SwiftLint

SPEC REPOS:
  trunk:
    - LicensePlist
    - SwiftLint

SPEC CHECKSUMS:
  LicensePlist: 11c638fa9dc22ddb5771cdf910242ae1ba2684da
  SwiftLint: 0c645fdc6feed3e390c1701ab3cc669f88b42752

PODFILE CHECKSUM: d2ddffd8ce8881de2b53e59a7ccc1ae282064484

COCOAPODS: 1.10.1
