PODS:
  - Alamofire (5.4.1)
  - LicensePlist (3.0.5)
  - RxCocoa (6.1.0):
    - RxRelay (= 6.1.0)
    - RxSwift (= 6.1.0)
  - RxOptional (5.0.1):
    - RxCocoa (~> 6.0)
    - RxSwift (~> 6.0)
  - RxRelay (6.1.0):
    - RxSwift (= 6.1.0)
  - RxSwift (6.1.0)
  - SwiftLint (0.43.0)

DEPENDENCIES:
  - Alamofire
  - LicensePlist
  - RxCocoa
  - RxOptional
  - RxSwift
  - SwiftLint

SPEC REPOS:
  trunk:
    - Alamofire
    - LicensePlist
    - RxCocoa
    - RxOptional
    - RxRelay
    - RxSwift
    - SwiftLint

SPEC CHECKSUMS:
  Alamofire: 2291f7d21ca607c491dd17642e5d40fdcda0e65c
  LicensePlist: 11c638fa9dc22ddb5771cdf910242ae1ba2684da
  RxCocoa: 5c51f02d562cbd94629f6c26cf0c80fe4ab8d343
  RxOptional: e0b39f0863c25c4bfeea83cb35102a5244d048b3
  RxRelay: 483e1a19fad961b41f0b0c0bee506f46c1ae14fe
  RxSwift: a834e5c538e89eca0cae86f403f4fbf0336786ce
  SwiftLint: 0c645fdc6feed3e390c1701ab3cc669f88b42752

PODFILE CHECKSUM: 16a84eeef37cd300c1652dc0ad70c71994f65ae1

COCOAPODS: 1.10.1
