// !$*UTF8*$!
{
	archiveVersion = 1;
	classes = {
	};
	objectVersion = 51;
	objects = {

/* Begin PBXBuildFile section */
		3D446D1B23E79A4792B51E47 /* Pods_GitHub_Search_GitHub_SearchUITests.framework in Frameworks */ = {isa = PBXBuildFile; fileRef = B64194E6DB46C0D7CD55F595 /* Pods_GitHub_Search_GitHub_SearchUITests.framework */; };
		40BC53BE2121995CA3B09F88 /* Pods_GitHub_Search.framework in Frameworks */ = {isa = PBXBuildFile; fileRef = 23991F1D6E93232742AB7996 /* Pods_GitHub_Search.framework */; };
		9259B77025E7AA2800B20FA2 /* UserDefault+.swift in Sources */ = {isa = PBXBuildFile; fileRef = 9259B76F25E7AA2800B20FA2 /* UserDefault+.swift */; };
		BD4D53248C4A5872E8A1F9FB /* Pods_GitHub_SearchTests.framework in Frameworks */ = {isa = PBXBuildFile; fileRef = 76B4AA1BBB0A3014B06C690C /* Pods_GitHub_SearchTests.framework */; };
		C519B56625D0ED9E00C7D7B0 /* WebViewController.storyboard in Resources */ = {isa = PBXBuildFile; fileRef = C519B56525D0ED9E00C7D7B0 /* WebViewController.storyboard */; };
		C519B56B25D0F16200C7D7B0 /* GitHubWebViewController.swift in Sources */ = {isa = PBXBuildFile; fileRef = C519B56A25D0F16200C7D7B0 /* GitHubWebViewController.swift */; };
		C519B5AE25D2F78000C7D7B0 /* BookMarkViewController.swift in Sources */ = {isa = PBXBuildFile; fileRef = C519B5AD25D2F78000C7D7B0 /* BookMarkViewController.swift */; };
		C519B5B325D2F78E00C7D7B0 /* BookMark.storyboard in Resources */ = {isa = PBXBuildFile; fileRef = C519B5B225D2F78E00C7D7B0 /* BookMark.storyboard */; };
		C519B5BA25D2F98D00C7D7B0 /* BookMarkTableViewCell.swift in Sources */ = {isa = PBXBuildFile; fileRef = C519B5B825D2F98D00C7D7B0 /* BookMarkTableViewCell.swift */; };
		C519B5BB25D2F98D00C7D7B0 /* BookMarkTableViewCell.xib in Resources */ = {isa = PBXBuildFile; fileRef = C519B5B925D2F98D00C7D7B0 /* BookMarkTableViewCell.xib */; };
		C59133C225E679D900D2DD0F /* Settings.bundle in Resources */ = {isa = PBXBuildFile; fileRef = C59133C125E679D900D2DD0F /* Settings.bundle */; };
		C5E5BDA225FD2606002DB779 /* GithubListViewModelTest.swift in Sources */ = {isa = PBXBuildFile; fileRef = C5E5BDA125FD2606002DB779 /* GithubListViewModelTest.swift */; };
		C5FF1D45261C90420047F575 /* GitHubSearchViewModelTest.swift in Sources */ = {isa = PBXBuildFile; fileRef = C5FF1D44261C90420047F575 /* GitHubSearchViewModelTest.swift */; };
		E8C00C9925BC670600FC6A2A /* AppDelegate.swift in Sources */ = {isa = PBXBuildFile; fileRef = E8C00C9825BC670600FC6A2A /* AppDelegate.swift */; };
		E8C00C9B25BC670600FC6A2A /* SceneDelegate.swift in Sources */ = {isa = PBXBuildFile; fileRef = E8C00C9A25BC670600FC6A2A /* SceneDelegate.swift */; };
		E8C00CA025BC670600FC6A2A /* Search.storyboard in Resources */ = {isa = PBXBuildFile; fileRef = E8C00C9E25BC670600FC6A2A /* Search.storyboard */; };
		E8C00CA225BC670800FC6A2A /* Assets.xcassets in Resources */ = {isa = PBXBuildFile; fileRef = E8C00CA125BC670800FC6A2A /* Assets.xcassets */; };
		E8C00CA525BC670800FC6A2A /* LaunchScreen.storyboard in Resources */ = {isa = PBXBuildFile; fileRef = E8C00CA325BC670800FC6A2A /* LaunchScreen.storyboard */; };
		E8C00CD725BC687D00FC6A2A /* Array+.swift in Sources */ = {isa = PBXBuildFile; fileRef = E8C00CD625BC687D00FC6A2A /* Array+.swift */; };
		E8C00CE025BC689B00FC6A2A /* GithubTableViewCell.swift in Sources */ = {isa = PBXBuildFile; fileRef = E8C00CDE25BC689B00FC6A2A /* GithubTableViewCell.swift */; };
		E8C00CE125BC689B00FC6A2A /* GithubTableViewCell.xib in Resources */ = {isa = PBXBuildFile; fileRef = E8C00CDF25BC689B00FC6A2A /* GithubTableViewCell.xib */; };
		E8C00CE625BC68AC00FC6A2A /* GithubSearchViewController.swift in Sources */ = {isa = PBXBuildFile; fileRef = E8C00CE525BC68AC00FC6A2A /* GithubSearchViewController.swift */; };
		E8C00CEB25BC68C000FC6A2A /* GithubSearchViewModel.swift in Sources */ = {isa = PBXBuildFile; fileRef = E8C00CEA25BC68C000FC6A2A /* GithubSearchViewModel.swift */; };
		E8C00CF025BC68D200FC6A2A /* GithubEntity.swift in Sources */ = {isa = PBXBuildFile; fileRef = E8C00CEF25BC68D200FC6A2A /* GithubEntity.swift */; };
		E8C00CF525BC68ED00FC6A2A /* GithubAPI.swift in Sources */ = {isa = PBXBuildFile; fileRef = E8C00CF425BC68ED00FC6A2A /* GithubAPI.swift */; };
		E8C00D6A25BD55AD00FC6A2A /* GithubListViewController.swift in Sources */ = {isa = PBXBuildFile; fileRef = E8C00D6925BD55AD00FC6A2A /* GithubListViewController.swift */; };
		E8C00D7225BD55BE00FC6A2A /* List.storyboard in Resources */ = {isa = PBXBuildFile; fileRef = E8C00D7125BD55BE00FC6A2A /* List.storyboard */; };
		E8C00D7825BD55D600FC6A2A /* ListTableViewCell.swift in Sources */ = {isa = PBXBuildFile; fileRef = E8C00D7625BD55D600FC6A2A /* ListTableViewCell.swift */; };
		E8C00D7925BD55D600FC6A2A /* ListTableViewCell.xib in Resources */ = {isa = PBXBuildFile; fileRef = E8C00D7725BD55D600FC6A2A /* ListTableViewCell.xib */; };
		E8C00D7E25BD55EA00FC6A2A /* GithubListViewModel.swift in Sources */ = {isa = PBXBuildFile; fileRef = E8C00D7D25BD55EA00FC6A2A /* GithubListViewModel.swift */; };
		E8C00D8325BD55FA00FC6A2A /* GithubListEntity.swift in Sources */ = {isa = PBXBuildFile; fileRef = E8C00D8225BD55FA00FC6A2A /* GithubListEntity.swift */; };
		E8C00D8825BD560F00FC6A2A /* GithubListAPI.swift in Sources */ = {isa = PBXBuildFile; fileRef = E8C00D8725BD560F00FC6A2A /* GithubListAPI.swift */; };
/* End PBXBuildFile section */

/* Begin PBXContainerItemProxy section */
		E8C00CAC25BC670800FC6A2A /* PBXContainerItemProxy */ = {
			isa = PBXContainerItemProxy;
			containerPortal = E8C00C8D25BC670600FC6A2A /* Project object */;
			proxyType = 1;
			remoteGlobalIDString = E8C00C9425BC670600FC6A2A;
			remoteInfo = "GitHub-Search";
		};
		E8C00CB725BC670800FC6A2A /* PBXContainerItemProxy */ = {
			isa = PBXContainerItemProxy;
			containerPortal = E8C00C8D25BC670600FC6A2A /* Project object */;
			proxyType = 1;
			remoteGlobalIDString = E8C00C9425BC670600FC6A2A;
			remoteInfo = "GitHub-Search";
		};
/* End PBXContainerItemProxy section */

/* Begin PBXFileReference section */
		072F5F3A65C728CAF6675525 /* Pods-GitHub-Search-GitHub-SearchUITests.debug.xcconfig */ = {isa = PBXFileReference; includeInIndex = 1; lastKnownFileType = text.xcconfig; name = "Pods-GitHub-Search-GitHub-SearchUITests.debug.xcconfig"; path = "Target Support Files/Pods-GitHub-Search-GitHub-SearchUITests/Pods-GitHub-Search-GitHub-SearchUITests.debug.xcconfig"; sourceTree = "<group>"; };
		07958904F0D6EAD7C35726F1 /* Pods-GitHub-Search-GitHub-SearchUITests.release.xcconfig */ = {isa = PBXFileReference; includeInIndex = 1; lastKnownFileType = text.xcconfig; name = "Pods-GitHub-Search-GitHub-SearchUITests.release.xcconfig"; path = "Target Support Files/Pods-GitHub-Search-GitHub-SearchUITests/Pods-GitHub-Search-GitHub-SearchUITests.release.xcconfig"; sourceTree = "<group>"; };
		23991F1D6E93232742AB7996 /* Pods_GitHub_Search.framework */ = {isa = PBXFileReference; explicitFileType = wrapper.framework; includeInIndex = 0; path = Pods_GitHub_Search.framework; sourceTree = BUILT_PRODUCTS_DIR; };
		3DF5DE292E5BE6632D2E48AC /* Pods-GitHub-SearchTests.debug.xcconfig */ = {isa = PBXFileReference; includeInIndex = 1; lastKnownFileType = text.xcconfig; name = "Pods-GitHub-SearchTests.debug.xcconfig"; path = "Target Support Files/Pods-GitHub-SearchTests/Pods-GitHub-SearchTests.debug.xcconfig"; sourceTree = "<group>"; };
		56F3B605DD537BB145238DE0 /* Pods-GitHub-SearchTests.release.xcconfig */ = {isa = PBXFileReference; includeInIndex = 1; lastKnownFileType = text.xcconfig; name = "Pods-GitHub-SearchTests.release.xcconfig"; path = "Target Support Files/Pods-GitHub-SearchTests/Pods-GitHub-SearchTests.release.xcconfig"; sourceTree = "<group>"; };
		7494D696C223FE844C2D850D /* Pods-GitHub-Search.release.xcconfig */ = {isa = PBXFileReference; includeInIndex = 1; lastKnownFileType = text.xcconfig; name = "Pods-GitHub-Search.release.xcconfig"; path = "Target Support Files/Pods-GitHub-Search/Pods-GitHub-Search.release.xcconfig"; sourceTree = "<group>"; };
		76B4AA1BBB0A3014B06C690C /* Pods_GitHub_SearchTests.framework */ = {isa = PBXFileReference; explicitFileType = wrapper.framework; includeInIndex = 0; path = Pods_GitHub_SearchTests.framework; sourceTree = BUILT_PRODUCTS_DIR; };
		77687E86C1A70B3124611C52 /* Pods-GitHub-Search.debug.xcconfig */ = {isa = PBXFileReference; includeInIndex = 1; lastKnownFileType = text.xcconfig; name = "Pods-GitHub-Search.debug.xcconfig"; path = "Target Support Files/Pods-GitHub-Search/Pods-GitHub-Search.debug.xcconfig"; sourceTree = "<group>"; };
		9259B76F25E7AA2800B20FA2 /* UserDefault+.swift */ = {isa = PBXFileReference; lastKnownFileType = sourcecode.swift; path = "UserDefault+.swift"; sourceTree = "<group>"; };
		B64194E6DB46C0D7CD55F595 /* Pods_GitHub_Search_GitHub_SearchUITests.framework */ = {isa = PBXFileReference; explicitFileType = wrapper.framework; includeInIndex = 0; path = Pods_GitHub_Search_GitHub_SearchUITests.framework; sourceTree = BUILT_PRODUCTS_DIR; };
		C519B56525D0ED9E00C7D7B0 /* WebViewController.storyboard */ = {isa = PBXFileReference; lastKnownFileType = file.storyboard; path = WebViewController.storyboard; sourceTree = "<group>"; };
		C519B56A25D0F16200C7D7B0 /* GitHubWebViewController.swift */ = {isa = PBXFileReference; lastKnownFileType = sourcecode.swift; path = GitHubWebViewController.swift; sourceTree = "<group>"; };
		C519B5AD25D2F78000C7D7B0 /* BookMarkViewController.swift */ = {isa = PBXFileReference; lastKnownFileType = sourcecode.swift; path = BookMarkViewController.swift; sourceTree = "<group>"; };
		C519B5B225D2F78E00C7D7B0 /* BookMark.storyboard */ = {isa = PBXFileReference; lastKnownFileType = file.storyboard; path = BookMark.storyboard; sourceTree = "<group>"; };
		C519B5B825D2F98D00C7D7B0 /* BookMarkTableViewCell.swift */ = {isa = PBXFileReference; lastKnownFileType = sourcecode.swift; path = BookMarkTableViewCell.swift; sourceTree = "<group>"; };
		C519B5B925D2F98D00C7D7B0 /* BookMarkTableViewCell.xib */ = {isa = PBXFileReference; lastKnownFileType = file.xib; path = BookMarkTableViewCell.xib; sourceTree = "<group>"; };
		C59133C125E679D900D2DD0F /* Settings.bundle */ = {isa = PBXFileReference; lastKnownFileType = "wrapper.plug-in"; name = Settings.bundle; path = "GitHub-Search/Settings.bundle"; sourceTree = "<group>"; };
		C5E5BDA125FD2606002DB779 /* GithubListViewModelTest.swift */ = {isa = PBXFileReference; lastKnownFileType = sourcecode.swift; path = GithubListViewModelTest.swift; sourceTree = "<group>"; };
		C5FF1D44261C90420047F575 /* GitHubSearchViewModelTest.swift */ = {isa = PBXFileReference; lastKnownFileType = sourcecode.swift; path = GitHubSearchViewModelTest.swift; sourceTree = "<group>"; };
		E8C00C9525BC670600FC6A2A /* GitHub-Search.app */ = {isa = PBXFileReference; explicitFileType = wrapper.application; includeInIndex = 0; path = "GitHub-Search.app"; sourceTree = BUILT_PRODUCTS_DIR; };
		E8C00C9825BC670600FC6A2A /* AppDelegate.swift */ = {isa = PBXFileReference; lastKnownFileType = sourcecode.swift; path = AppDelegate.swift; sourceTree = "<group>"; };
		E8C00C9A25BC670600FC6A2A /* SceneDelegate.swift */ = {isa = PBXFileReference; lastKnownFileType = sourcecode.swift; path = SceneDelegate.swift; sourceTree = "<group>"; };
		E8C00C9F25BC670600FC6A2A /* Base */ = {isa = PBXFileReference; lastKnownFileType = file.storyboard; name = Base; path = Base.lproj/Search.storyboard; sourceTree = "<group>"; };
		E8C00CA125BC670800FC6A2A /* Assets.xcassets */ = {isa = PBXFileReference; lastKnownFileType = folder.assetcatalog; path = Assets.xcassets; sourceTree = "<group>"; };
		E8C00CA425BC670800FC6A2A /* Base */ = {isa = PBXFileReference; lastKnownFileType = file.storyboard; name = Base; path = Base.lproj/LaunchScreen.storyboard; sourceTree = "<group>"; };
		E8C00CA625BC670800FC6A2A /* Info.plist */ = {isa = PBXFileReference; lastKnownFileType = text.plist.xml; path = Info.plist; sourceTree = "<group>"; };
		E8C00CAB25BC670800FC6A2A /* GitHub-SearchTests.xctest */ = {isa = PBXFileReference; explicitFileType = wrapper.cfbundle; includeInIndex = 0; path = "GitHub-SearchTests.xctest"; sourceTree = BUILT_PRODUCTS_DIR; };
		E8C00CB125BC670800FC6A2A /* Info.plist */ = {isa = PBXFileReference; lastKnownFileType = text.plist.xml; path = Info.plist; sourceTree = "<group>"; };
		E8C00CB625BC670800FC6A2A /* GitHub-SearchUITests.xctest */ = {isa = PBXFileReference; explicitFileType = wrapper.cfbundle; includeInIndex = 0; path = "GitHub-SearchUITests.xctest"; sourceTree = BUILT_PRODUCTS_DIR; };
		E8C00CBC25BC670800FC6A2A /* Info.plist */ = {isa = PBXFileReference; lastKnownFileType = text.plist.xml; path = Info.plist; sourceTree = "<group>"; };
		E8C00CD625BC687D00FC6A2A /* Array+.swift */ = {isa = PBXFileReference; lastKnownFileType = sourcecode.swift; path = "Array+.swift"; sourceTree = "<group>"; };
		E8C00CDE25BC689B00FC6A2A /* GithubTableViewCell.swift */ = {isa = PBXFileReference; lastKnownFileType = sourcecode.swift; path = GithubTableViewCell.swift; sourceTree = "<group>"; };
		E8C00CDF25BC689B00FC6A2A /* GithubTableViewCell.xib */ = {isa = PBXFileReference; lastKnownFileType = file.xib; path = GithubTableViewCell.xib; sourceTree = "<group>"; };
		E8C00CE525BC68AC00FC6A2A /* GithubSearchViewController.swift */ = {isa = PBXFileReference; lastKnownFileType = sourcecode.swift; path = GithubSearchViewController.swift; sourceTree = "<group>"; };
		E8C00CEA25BC68C000FC6A2A /* GithubSearchViewModel.swift */ = {isa = PBXFileReference; lastKnownFileType = sourcecode.swift; path = GithubSearchViewModel.swift; sourceTree = "<group>"; };
		E8C00CEF25BC68D200FC6A2A /* GithubEntity.swift */ = {isa = PBXFileReference; lastKnownFileType = sourcecode.swift; path = GithubEntity.swift; sourceTree = "<group>"; };
		E8C00CF425BC68ED00FC6A2A /* GithubAPI.swift */ = {isa = PBXFileReference; lastKnownFileType = sourcecode.swift; path = GithubAPI.swift; sourceTree = "<group>"; };
		E8C00D6925BD55AD00FC6A2A /* GithubListViewController.swift */ = {isa = PBXFileReference; lastKnownFileType = sourcecode.swift; path = GithubListViewController.swift; sourceTree = "<group>"; };
		E8C00D7125BD55BE00FC6A2A /* List.storyboard */ = {isa = PBXFileReference; lastKnownFileType = file.storyboard; path = List.storyboard; sourceTree = "<group>"; };
		E8C00D7625BD55D600FC6A2A /* ListTableViewCell.swift */ = {isa = PBXFileReference; lastKnownFileType = sourcecode.swift; path = ListTableViewCell.swift; sourceTree = "<group>"; };
		E8C00D7725BD55D600FC6A2A /* ListTableViewCell.xib */ = {isa = PBXFileReference; lastKnownFileType = file.xib; path = ListTableViewCell.xib; sourceTree = "<group>"; };
		E8C00D7D25BD55EA00FC6A2A /* GithubListViewModel.swift */ = {isa = PBXFileReference; lastKnownFileType = sourcecode.swift; path = GithubListViewModel.swift; sourceTree = "<group>"; };
		E8C00D8225BD55FA00FC6A2A /* GithubListEntity.swift */ = {isa = PBXFileReference; lastKnownFileType = sourcecode.swift; path = GithubListEntity.swift; sourceTree = "<group>"; };
		E8C00D8725BD560F00FC6A2A /* GithubListAPI.swift */ = {isa = PBXFileReference; lastKnownFileType = sourcecode.swift; path = GithubListAPI.swift; sourceTree = "<group>"; };
/* End PBXFileReference section */

/* Begin PBXFrameworksBuildPhase section */
		E8C00C9225BC670600FC6A2A /* Frameworks */ = {
			isa = PBXFrameworksBuildPhase;
			buildActionMask = 2147483647;
			files = (
				40BC53BE2121995CA3B09F88 /* Pods_GitHub_Search.framework in Frameworks */,
			);
			runOnlyForDeploymentPostprocessing = 0;
		};
		E8C00CA825BC670800FC6A2A /* Frameworks */ = {
			isa = PBXFrameworksBuildPhase;
			buildActionMask = 2147483647;
			files = (
				BD4D53248C4A5872E8A1F9FB /* Pods_GitHub_SearchTests.framework in Frameworks */,
			);
			runOnlyForDeploymentPostprocessing = 0;
		};
		E8C00CB325BC670800FC6A2A /* Frameworks */ = {
			isa = PBXFrameworksBuildPhase;
			buildActionMask = 2147483647;
			files = (
				3D446D1B23E79A4792B51E47 /* Pods_GitHub_Search_GitHub_SearchUITests.framework in Frameworks */,
			);
			runOnlyForDeploymentPostprocessing = 0;
		};
/* End PBXFrameworksBuildPhase section */

/* Begin PBXGroup section */
		6697E158BAC3B37098B6D5DC /* Pods */ = {
			isa = PBXGroup;
			children = (
				77687E86C1A70B3124611C52 /* Pods-GitHub-Search.debug.xcconfig */,
				7494D696C223FE844C2D850D /* Pods-GitHub-Search.release.xcconfig */,
				072F5F3A65C728CAF6675525 /* Pods-GitHub-Search-GitHub-SearchUITests.debug.xcconfig */,
				07958904F0D6EAD7C35726F1 /* Pods-GitHub-Search-GitHub-SearchUITests.release.xcconfig */,
				3DF5DE292E5BE6632D2E48AC /* Pods-GitHub-SearchTests.debug.xcconfig */,
				56F3B605DD537BB145238DE0 /* Pods-GitHub-SearchTests.release.xcconfig */,
			);
			path = Pods;
			sourceTree = "<group>";
		};
		C519B56425D0E60B00C7D7B0 /* WebView */ = {
			isa = PBXGroup;
			children = (
				C519B56525D0ED9E00C7D7B0 /* WebViewController.storyboard */,
				C519B56A25D0F16200C7D7B0 /* GitHubWebViewController.swift */,
			);
			path = WebView;
			sourceTree = "<group>";
		};
		C519B58925D10D2A00C7D7B0 /* Utility */ = {
			isa = PBXGroup;
			children = (
				E8C00D8725BD560F00FC6A2A /* GithubListAPI.swift */,
			);
			path = Utility;
			sourceTree = "<group>";
		};
		C519B5AC25D2F73700C7D7B0 /* BookMark */ = {
			isa = PBXGroup;
			children = (
				C519B5B725D2F96F00C7D7B0 /* Cell */,
				C519B5AD25D2F78000C7D7B0 /* BookMarkViewController.swift */,
				C519B5B225D2F78E00C7D7B0 /* BookMark.storyboard */,
			);
			path = BookMark;
			sourceTree = "<group>";
		};
		C519B5B725D2F96F00C7D7B0 /* Cell */ = {
			isa = PBXGroup;
			children = (
				C519B5B825D2F98D00C7D7B0 /* BookMarkTableViewCell.swift */,
				C519B5B925D2F98D00C7D7B0 /* BookMarkTableViewCell.xib */,
			);
			path = Cell;
			sourceTree = "<group>";
		};
		E8C00C8C25BC670600FC6A2A = {
			isa = PBXGroup;
			children = (
				C59133C125E679D900D2DD0F /* Settings.bundle */,
				E8C00C9725BC670600FC6A2A /* GitHub-Search */,
				E8C00CAE25BC670800FC6A2A /* GitHub-SearchTests */,
				E8C00CB925BC670800FC6A2A /* GitHub-SearchUITests */,
				E8C00C9625BC670600FC6A2A /* Products */,
				6697E158BAC3B37098B6D5DC /* Pods */,
				EA4298B0CEE42FFF43243796 /* Frameworks */,
			);
			sourceTree = "<group>";
		};
		E8C00C9625BC670600FC6A2A /* Products */ = {
			isa = PBXGroup;
			children = (
				E8C00C9525BC670600FC6A2A /* GitHub-Search.app */,
				E8C00CAB25BC670800FC6A2A /* GitHub-SearchTests.xctest */,
				E8C00CB625BC670800FC6A2A /* GitHub-SearchUITests.xctest */,
			);
			name = Products;
			sourceTree = "<group>";
		};
		E8C00C9725BC670600FC6A2A /* GitHub-Search */ = {
			isa = PBXGroup;
			children = (
				E8C00CCC25BC67EE00FC6A2A /* App */,
				E8C00CD025BC680800FC6A2A /* extension */,
				E8C00D6325BD3C3400FC6A2A /* Search */,
				C519B5AC25D2F73700C7D7B0 /* BookMark */,
				E8C00D6425BD3C6D00FC6A2A /* List */,
				C519B56425D0E60B00C7D7B0 /* WebView */,
				E8C00CA125BC670800FC6A2A /* Assets.xcassets */,
				E8C00CA325BC670800FC6A2A /* LaunchScreen.storyboard */,
				E8C00CA625BC670800FC6A2A /* Info.plist */,
			);
			path = "GitHub-Search";
			sourceTree = "<group>";
		};
		E8C00CAE25BC670800FC6A2A /* GitHub-SearchTests */ = {
			isa = PBXGroup;
			children = (
				E8C00CB125BC670800FC6A2A /* Info.plist */,
				C5E5BDA125FD2606002DB779 /* GithubListViewModelTest.swift */,
				C5FF1D44261C90420047F575 /* GitHubSearchViewModelTest.swift */,
			);
			path = "GitHub-SearchTests";
			sourceTree = "<group>";
		};
		E8C00CB925BC670800FC6A2A /* GitHub-SearchUITests */ = {
			isa = PBXGroup;
			children = (
				E8C00CBC25BC670800FC6A2A /* Info.plist */,
			);
			path = "GitHub-SearchUITests";
			sourceTree = "<group>";
		};
		E8C00CCC25BC67EE00FC6A2A /* App */ = {
			isa = PBXGroup;
			children = (
				E8C00C9825BC670600FC6A2A /* AppDelegate.swift */,
				E8C00C9A25BC670600FC6A2A /* SceneDelegate.swift */,
			);
			path = App;
			sourceTree = "<group>";
		};
		E8C00CD025BC680800FC6A2A /* extension */ = {
			isa = PBXGroup;
			children = (
				E8C00CD625BC687D00FC6A2A /* Array+.swift */,
				9259B76F25E7AA2800B20FA2 /* UserDefault+.swift */,
			);
			path = extension;
			sourceTree = "<group>";
		};
		E8C00CD125BC681400FC6A2A /* View */ = {
			isa = PBXGroup;
			children = (
				E8C00CD225BC683200FC6A2A /* Cell */,
				E8C00C9E25BC670600FC6A2A /* Search.storyboard */,
				E8C00CE525BC68AC00FC6A2A /* GithubSearchViewController.swift */,
			);
			path = View;
			sourceTree = "<group>";
		};
		E8C00CD225BC683200FC6A2A /* Cell */ = {
			isa = PBXGroup;
			children = (
				E8C00CDE25BC689B00FC6A2A /* GithubTableViewCell.swift */,
				E8C00CDF25BC689B00FC6A2A /* GithubTableViewCell.xib */,
			);
			path = Cell;
			sourceTree = "<group>";
		};
		E8C00CD325BC683F00FC6A2A /* ViewModel */ = {
			isa = PBXGroup;
			children = (
				E8C00CEA25BC68C000FC6A2A /* GithubSearchViewModel.swift */,
			);
			path = ViewModel;
			sourceTree = "<group>";
		};
		E8C00CD425BC684C00FC6A2A /* Model */ = {
			isa = PBXGroup;
			children = (
				E8C00CEF25BC68D200FC6A2A /* GithubEntity.swift */,
			);
			path = Model;
			sourceTree = "<group>";
		};
		E8C00CD525BC685700FC6A2A /* Utility */ = {
			isa = PBXGroup;
			children = (
				E8C00CF425BC68ED00FC6A2A /* GithubAPI.swift */,
			);
			path = Utility;
			sourceTree = "<group>";
		};
		E8C00D6325BD3C3400FC6A2A /* Search */ = {
			isa = PBXGroup;
			children = (
				E8C00CD125BC681400FC6A2A /* View */,
				E8C00CD325BC683F00FC6A2A /* ViewModel */,
				E8C00CD425BC684C00FC6A2A /* Model */,
				E8C00CD525BC685700FC6A2A /* Utility */,
			);
			path = Search;
			sourceTree = "<group>";
		};
		E8C00D6425BD3C6D00FC6A2A /* List */ = {
			isa = PBXGroup;
			children = (
				E8C00D6525BD3C8300FC6A2A /* View */,
				E8C00D6625BD3C9200FC6A2A /* ViewModel */,
				E8C00D6725BD3CA200FC6A2A /* Model */,
				C519B58925D10D2A00C7D7B0 /* Utility */,
			);
			path = List;
			sourceTree = "<group>";
		};
		E8C00D6525BD3C8300FC6A2A /* View */ = {
			isa = PBXGroup;
			children = (
				E8C00D6825BD3CBE00FC6A2A /* Cell */,
				E8C00D6925BD55AD00FC6A2A /* GithubListViewController.swift */,
				E8C00D7125BD55BE00FC6A2A /* List.storyboard */,
			);
			path = View;
			sourceTree = "<group>";
		};
		E8C00D6625BD3C9200FC6A2A /* ViewModel */ = {
			isa = PBXGroup;
			children = (
				E8C00D7D25BD55EA00FC6A2A /* GithubListViewModel.swift */,
			);
			path = ViewModel;
			sourceTree = "<group>";
		};
		E8C00D6725BD3CA200FC6A2A /* Model */ = {
			isa = PBXGroup;
			children = (
				E8C00D8225BD55FA00FC6A2A /* GithubListEntity.swift */,
			);
			path = Model;
			sourceTree = "<group>";
		};
		E8C00D6825BD3CBE00FC6A2A /* Cell */ = {
			isa = PBXGroup;
			children = (
				E8C00D7625BD55D600FC6A2A /* ListTableViewCell.swift */,
				E8C00D7725BD55D600FC6A2A /* ListTableViewCell.xib */,
			);
			path = Cell;
			sourceTree = "<group>";
		};
		EA4298B0CEE42FFF43243796 /* Frameworks */ = {
			isa = PBXGroup;
			children = (
				23991F1D6E93232742AB7996 /* Pods_GitHub_Search.framework */,
				B64194E6DB46C0D7CD55F595 /* Pods_GitHub_Search_GitHub_SearchUITests.framework */,
				76B4AA1BBB0A3014B06C690C /* Pods_GitHub_SearchTests.framework */,
			);
			name = Frameworks;
			sourceTree = "<group>";
		};
/* End PBXGroup section */

/* Begin PBXNativeTarget section */
		E8C00C9425BC670600FC6A2A /* GitHub-Search */ = {
			isa = PBXNativeTarget;
			buildConfigurationList = E8C00CBF25BC670800FC6A2A /* Build configuration list for PBXNativeTarget "GitHub-Search" */;
			buildPhases = (
				F6A9E455C8E619627D58912B /* [CP] Check Pods Manifest.lock */,
				E8C00C9125BC670600FC6A2A /* Sources */,
				E8C00C9225BC670600FC6A2A /* Frameworks */,
				E8C00C9325BC670600FC6A2A /* Resources */,
				C519B65125D7E5E300C7D7B0 /* ShellScript */,
				C59133B525E6789500D2DD0F /* LicensePlist */,
				FF08819EF10606B4F9EE4E97 /* [CP] Embed Pods Frameworks */,
			);
			buildRules = (
			);
			dependencies = (
			);
			name = "GitHub-Search";
			productName = "GitHub-Search";
			productReference = E8C00C9525BC670600FC6A2A /* GitHub-Search.app */;
			productType = "com.apple.product-type.application";
		};
		E8C00CAA25BC670800FC6A2A /* GitHub-SearchTests */ = {
			isa = PBXNativeTarget;
			buildConfigurationList = E8C00CC225BC670800FC6A2A /* Build configuration list for PBXNativeTarget "GitHub-SearchTests" */;
			buildPhases = (
				0239F9D425B7BE9B9B94DBEC /* [CP] Check Pods Manifest.lock */,
				E8C00CA725BC670800FC6A2A /* Sources */,
				E8C00CA825BC670800FC6A2A /* Frameworks */,
				E8C00CA925BC670800FC6A2A /* Resources */,
			);
			buildRules = (
			);
			dependencies = (
				E8C00CAD25BC670800FC6A2A /* PBXTargetDependency */,
			);
			name = "GitHub-SearchTests";
			productName = "GitHub-SearchTests";
			productReference = E8C00CAB25BC670800FC6A2A /* GitHub-SearchTests.xctest */;
			productType = "com.apple.product-type.bundle.unit-test";
		};
		E8C00CB525BC670800FC6A2A /* GitHub-SearchUITests */ = {
			isa = PBXNativeTarget;
			buildConfigurationList = E8C00CC525BC670800FC6A2A /* Build configuration list for PBXNativeTarget "GitHub-SearchUITests" */;
			buildPhases = (
				C5AC9289F6F7B5DE1E392218 /* [CP] Check Pods Manifest.lock */,
				E8C00CB225BC670800FC6A2A /* Sources */,
				E8C00CB325BC670800FC6A2A /* Frameworks */,
				E8C00CB425BC670800FC6A2A /* Resources */,
				CE454AFA6C1B723672113578 /* [CP] Embed Pods Frameworks */,
			);
			buildRules = (
			);
			dependencies = (
				E8C00CB825BC670800FC6A2A /* PBXTargetDependency */,
			);
			name = "GitHub-SearchUITests";
			productName = "GitHub-SearchUITests";
			productReference = E8C00CB625BC670800FC6A2A /* GitHub-SearchUITests.xctest */;
			productType = "com.apple.product-type.bundle.ui-testing";
		};
/* End PBXNativeTarget section */

/* Begin PBXProject section */
		E8C00C8D25BC670600FC6A2A /* Project object */ = {
			isa = PBXProject;
			attributes = {
				LastSwiftUpdateCheck = 1210;
				LastUpgradeCheck = 1210;
				TargetAttributes = {
					E8C00C9425BC670600FC6A2A = {
						CreatedOnToolsVersion = 12.1;
					};
					E8C00CAA25BC670800FC6A2A = {
						CreatedOnToolsVersion = 12.1;
						LastSwiftMigration = 1230;
						TestTargetID = E8C00C9425BC670600FC6A2A;
					};
					E8C00CB525BC670800FC6A2A = {
						CreatedOnToolsVersion = 12.1;
						TestTargetID = E8C00C9425BC670600FC6A2A;
					};
				};
			};
			buildConfigurationList = E8C00C9025BC670600FC6A2A /* Build configuration list for PBXProject "GitHub-Search" */;
			compatibilityVersion = "Xcode 9.3";
			developmentRegion = en;
			hasScannedForEncodings = 0;
			knownRegions = (
				en,
				Base,
			);
			mainGroup = E8C00C8C25BC670600FC6A2A;
			productRefGroup = E8C00C9625BC670600FC6A2A /* Products */;
			projectDirPath = "";
			projectRoot = "";
			targets = (
				E8C00C9425BC670600FC6A2A /* GitHub-Search */,
				E8C00CAA25BC670800FC6A2A /* GitHub-SearchTests */,
				E8C00CB525BC670800FC6A2A /* GitHub-SearchUITests */,
			);
		};
/* End PBXProject section */

/* Begin PBXResourcesBuildPhase section */
		E8C00C9325BC670600FC6A2A /* Resources */ = {
			isa = PBXResourcesBuildPhase;
			buildActionMask = 2147483647;
			files = (
				C519B5B325D2F78E00C7D7B0 /* BookMark.storyboard in Resources */,
				C519B5BB25D2F98D00C7D7B0 /* BookMarkTableViewCell.xib in Resources */,
				E8C00D7225BD55BE00FC6A2A /* List.storyboard in Resources */,
				C519B56625D0ED9E00C7D7B0 /* WebViewController.storyboard in Resources */,
				E8C00D7925BD55D600FC6A2A /* ListTableViewCell.xib in Resources */,
				E8C00CA525BC670800FC6A2A /* LaunchScreen.storyboard in Resources */,
				E8C00CA225BC670800FC6A2A /* Assets.xcassets in Resources */,
				E8C00CE125BC689B00FC6A2A /* GithubTableViewCell.xib in Resources */,
				C59133C225E679D900D2DD0F /* Settings.bundle in Resources */,
				E8C00CA025BC670600FC6A2A /* Search.storyboard in Resources */,
			);
			runOnlyForDeploymentPostprocessing = 0;
		};
		E8C00CA925BC670800FC6A2A /* Resources */ = {
			isa = PBXResourcesBuildPhase;
			buildActionMask = 2147483647;
			files = (
			);
			runOnlyForDeploymentPostprocessing = 0;
		};
		E8C00CB425BC670800FC6A2A /* Resources */ = {
			isa = PBXResourcesBuildPhase;
			buildActionMask = 2147483647;
			files = (
			);
			runOnlyForDeploymentPostprocessing = 0;
		};
/* End PBXResourcesBuildPhase section */

/* Begin PBXShellScriptBuildPhase section */
		0239F9D425B7BE9B9B94DBEC /* [CP] Check Pods Manifest.lock */ = {
			isa = PBXShellScriptBuildPhase;
			buildActionMask = 2147483647;
			files = (
			);
			inputFileListPaths = (
			);
			inputPaths = (
				"${PODS_PODFILE_DIR_PATH}/Podfile.lock",
				"${PODS_ROOT}/Manifest.lock",
			);
			name = "[CP] Check Pods Manifest.lock";
			outputFileListPaths = (
			);
			outputPaths = (
				"$(DERIVED_FILE_DIR)/Pods-GitHub-SearchTests-checkManifestLockResult.txt",
			);
			runOnlyForDeploymentPostprocessing = 0;
			shellPath = /bin/sh;
			shellScript = "diff \"${PODS_PODFILE_DIR_PATH}/Podfile.lock\" \"${PODS_ROOT}/Manifest.lock\" > /dev/null\nif [ $? != 0 ] ; then\n    # print error to STDERR\n    echo \"error: The sandbox is not in sync with the Podfile.lock. Run 'pod install' or update your CocoaPods installation.\" >&2\n    exit 1\nfi\n# This output is used by Xcode 'outputs' to avoid re-running this script phase.\necho \"SUCCESS\" > \"${SCRIPT_OUTPUT_FILE_0}\"\n";
			showEnvVarsInLog = 0;
		};
		C519B65125D7E5E300C7D7B0 /* ShellScript */ = {
			isa = PBXShellScriptBuildPhase;
			buildActionMask = 2147483647;
			files = (
			);
			inputFileListPaths = (
			);
			inputPaths = (
			);
			outputFileListPaths = (
			);
			outputPaths = (
			);
			runOnlyForDeploymentPostprocessing = 0;
			shellPath = /bin/sh;
			shellScript = "if which \"${PODS_ROOT}/SwiftLint/swiftlint\" >/dev/null; then\n  \"${PODS_ROOT}/SwiftLint/swiftlint\"\nelse\n  echo \"warning: SwiftLint not installed, download from https://github.com/realm/SwiftLint\"\nfi\n";
		};
		C59133B525E6789500D2DD0F /* LicensePlist */ = {
			isa = PBXShellScriptBuildPhase;
			buildActionMask = 2147483647;
			files = (
			);
			inputFileListPaths = (
			);
			inputPaths = (
			);
			name = LicensePlist;
			outputFileListPaths = (
			);
			outputPaths = (
			);
			runOnlyForDeploymentPostprocessing = 0;
			shellPath = /bin/sh;
			shellScript = "if [ $CONFIGURATION = \"Debug\" ]; then\n${PODS_ROOT}/LicensePlist/license-plist --output-path $PRODUCT_NAME/Settings.bundle --github-token YOUR_GITHUB_TOKEN\nfi\n";
		};
		C5AC9289F6F7B5DE1E392218 /* [CP] Check Pods Manifest.lock */ = {
			isa = PBXShellScriptBuildPhase;
			buildActionMask = 2147483647;
			files = (
			);
			inputFileListPaths = (
			);
			inputPaths = (
				"${PODS_PODFILE_DIR_PATH}/Podfile.lock",
				"${PODS_ROOT}/Manifest.lock",
			);
			name = "[CP] Check Pods Manifest.lock";
			outputFileListPaths = (
			);
			outputPaths = (
				"$(DERIVED_FILE_DIR)/Pods-GitHub-Search-GitHub-SearchUITests-checkManifestLockResult.txt",
			);
			runOnlyForDeploymentPostprocessing = 0;
			shellPath = /bin/sh;
			shellScript = "diff \"${PODS_PODFILE_DIR_PATH}/Podfile.lock\" \"${PODS_ROOT}/Manifest.lock\" > /dev/null\nif [ $? != 0 ] ; then\n    # print error to STDERR\n    echo \"error: The sandbox is not in sync with the Podfile.lock. Run 'pod install' or update your CocoaPods installation.\" >&2\n    exit 1\nfi\n# This output is used by Xcode 'outputs' to avoid re-running this script phase.\necho \"SUCCESS\" > \"${SCRIPT_OUTPUT_FILE_0}\"\n";
			showEnvVarsInLog = 0;
		};
		CE454AFA6C1B723672113578 /* [CP] Embed Pods Frameworks */ = {
			isa = PBXShellScriptBuildPhase;
			buildActionMask = 2147483647;
			files = (
			);
			inputFileListPaths = (
				"${PODS_ROOT}/Target Support Files/Pods-GitHub-Search-GitHub-SearchUITests/Pods-GitHub-Search-GitHub-SearchUITests-frameworks-${CONFIGURATION}-input-files.xcfilelist",
			);
			name = "[CP] Embed Pods Frameworks";
			outputFileListPaths = (
				"${PODS_ROOT}/Target Support Files/Pods-GitHub-Search-GitHub-SearchUITests/Pods-GitHub-Search-GitHub-SearchUITests-frameworks-${CONFIGURATION}-output-files.xcfilelist",
			);
			runOnlyForDeploymentPostprocessing = 0;
			shellPath = /bin/sh;
			shellScript = "\"${PODS_ROOT}/Target Support Files/Pods-GitHub-Search-GitHub-SearchUITests/Pods-GitHub-Search-GitHub-SearchUITests-frameworks.sh\"\n";
			showEnvVarsInLog = 0;
		};
		F6A9E455C8E619627D58912B /* [CP] Check Pods Manifest.lock */ = {
			isa = PBXShellScriptBuildPhase;
			buildActionMask = 2147483647;
			files = (
			);
			inputFileListPaths = (
			);
			inputPaths = (
				"${PODS_PODFILE_DIR_PATH}/Podfile.lock",
				"${PODS_ROOT}/Manifest.lock",
			);
			name = "[CP] Check Pods Manifest.lock";
			outputFileListPaths = (
			);
			outputPaths = (
				"$(DERIVED_FILE_DIR)/Pods-GitHub-Search-checkManifestLockResult.txt",
			);
			runOnlyForDeploymentPostprocessing = 0;
			shellPath = /bin/sh;
			shellScript = "diff \"${PODS_PODFILE_DIR_PATH}/Podfile.lock\" \"${PODS_ROOT}/Manifest.lock\" > /dev/null\nif [ $? != 0 ] ; then\n    # print error to STDERR\n    echo \"error: The sandbox is not in sync with the Podfile.lock. Run 'pod install' or update your CocoaPods installation.\" >&2\n    exit 1\nfi\n# This output is used by Xcode 'outputs' to avoid re-running this script phase.\necho \"SUCCESS\" > \"${SCRIPT_OUTPUT_FILE_0}\"\n";
			showEnvVarsInLog = 0;
		};
		FF08819EF10606B4F9EE4E97 /* [CP] Embed Pods Frameworks */ = {
			isa = PBXShellScriptBuildPhase;
			buildActionMask = 2147483647;
			files = (
			);
			inputFileListPaths = (
				"${PODS_ROOT}/Target Support Files/Pods-GitHub-Search/Pods-GitHub-Search-frameworks-${CONFIGURATION}-input-files.xcfilelist",
			);
			name = "[CP] Embed Pods Frameworks";
			outputFileListPaths = (
				"${PODS_ROOT}/Target Support Files/Pods-GitHub-Search/Pods-GitHub-Search-frameworks-${CONFIGURATION}-output-files.xcfilelist",
			);
			runOnlyForDeploymentPostprocessing = 0;
			shellPath = /bin/sh;
			shellScript = "\"${PODS_ROOT}/Target Support Files/Pods-GitHub-Search/Pods-GitHub-Search-frameworks.sh\"\n";
			showEnvVarsInLog = 0;
		};
/* End PBXShellScriptBuildPhase section */

/* Begin PBXSourcesBuildPhase section */
		E8C00C9125BC670600FC6A2A /* Sources */ = {
			isa = PBXSourcesBuildPhase;
			buildActionMask = 2147483647;
			files = (
				9259B77025E7AA2800B20FA2 /* UserDefault+.swift in Sources */,
				E8C00CE625BC68AC00FC6A2A /* GithubSearchViewController.swift in Sources */,
				E8C00C9925BC670600FC6A2A /* AppDelegate.swift in Sources */,
				E8C00CD725BC687D00FC6A2A /* Array+.swift in Sources */,
				E8C00D8325BD55FA00FC6A2A /* GithubListEntity.swift in Sources */,
				E8C00CE025BC689B00FC6A2A /* GithubTableViewCell.swift in Sources */,
				E8C00CF025BC68D200FC6A2A /* GithubEntity.swift in Sources */,
				E8C00D6A25BD55AD00FC6A2A /* GithubListViewController.swift in Sources */,
				E8C00C9B25BC670600FC6A2A /* SceneDelegate.swift in Sources */,
				E8C00CEB25BC68C000FC6A2A /* GithubSearchViewModel.swift in Sources */,
				E8C00CF525BC68ED00FC6A2A /* GithubAPI.swift in Sources */,
				E8C00D7825BD55D600FC6A2A /* ListTableViewCell.swift in Sources */,
				C519B56B25D0F16200C7D7B0 /* GitHubWebViewController.swift in Sources */,
				E8C00D8825BD560F00FC6A2A /* GithubListAPI.swift in Sources */,
				C519B5AE25D2F78000C7D7B0 /* BookMarkViewController.swift in Sources */,
				E8C00D7E25BD55EA00FC6A2A /* GithubListViewModel.swift in Sources */,
				C519B5BA25D2F98D00C7D7B0 /* BookMarkTableViewCell.swift in Sources */,
			);
			runOnlyForDeploymentPostprocessing = 0;
		};
		E8C00CA725BC670800FC6A2A /* Sources */ = {
			isa = PBXSourcesBuildPhase;
			buildActionMask = 2147483647;
			files = (
				C5E5BDA225FD2606002DB779 /* GithubListViewModelTest.swift in Sources */,
				C5FF1D45261C90420047F575 /* GitHubSearchViewModelTest.swift in Sources */,
			);
			runOnlyForDeploymentPostprocessing = 0;
		};
		E8C00CB225BC670800FC6A2A /* Sources */ = {
			isa = PBXSourcesBuildPhase;
			buildActionMask = 2147483647;
			files = (
			);
			runOnlyForDeploymentPostprocessing = 0;
		};
/* End PBXSourcesBuildPhase section */

/* Begin PBXTargetDependency section */
		E8C00CAD25BC670800FC6A2A /* PBXTargetDependency */ = {
			isa = PBXTargetDependency;
			target = E8C00C9425BC670600FC6A2A /* GitHub-Search */;
			targetProxy = E8C00CAC25BC670800FC6A2A /* PBXContainerItemProxy */;
		};
		E8C00CB825BC670800FC6A2A /* PBXTargetDependency */ = {
			isa = PBXTargetDependency;
			target = E8C00C9425BC670600FC6A2A /* GitHub-Search */;
			targetProxy = E8C00CB725BC670800FC6A2A /* PBXContainerItemProxy */;
		};
/* End PBXTargetDependency section */

/* Begin PBXVariantGroup section */
		E8C00C9E25BC670600FC6A2A /* Search.storyboard */ = {
			isa = PBXVariantGroup;
			children = (
				E8C00C9F25BC670600FC6A2A /* Base */,
			);
			name = Search.storyboard;
			sourceTree = "<group>";
		};
		E8C00CA325BC670800FC6A2A /* LaunchScreen.storyboard */ = {
			isa = PBXVariantGroup;
			children = (
				E8C00CA425BC670800FC6A2A /* Base */,
			);
			name = LaunchScreen.storyboard;
			sourceTree = "<group>";
		};
/* End PBXVariantGroup section */

/* Begin XCBuildConfiguration section */
		E8C00CBD25BC670800FC6A2A /* Debug */ = {
			isa = XCBuildConfiguration;
			buildSettings = {
				ALWAYS_SEARCH_USER_PATHS = NO;
				CLANG_ANALYZER_NONNULL = YES;
				CLANG_ANALYZER_NUMBER_OBJECT_CONVERSION = YES_AGGRESSIVE;
				CLANG_CXX_LANGUAGE_STANDARD = "gnu++14";
				CLANG_CXX_LIBRARY = "libc++";
				CLANG_ENABLE_MODULES = YES;
				CLANG_ENABLE_OBJC_ARC = YES;
				CLANG_ENABLE_OBJC_WEAK = YES;
				CLANG_WARN_BLOCK_CAPTURE_AUTORELEASING = YES;
				CLANG_WARN_BOOL_CONVERSION = YES;
				CLANG_WARN_COMMA = YES;
				CLANG_WARN_CONSTANT_CONVERSION = YES;
				CLANG_WARN_DEPRECATED_OBJC_IMPLEMENTATIONS = YES;
				CLANG_WARN_DIRECT_OBJC_ISA_USAGE = YES_ERROR;
				CLANG_WARN_DOCUMENTATION_COMMENTS = YES;
				CLANG_WARN_EMPTY_BODY = YES;
				CLANG_WARN_ENUM_CONVERSION = YES;
				CLANG_WARN_INFINITE_RECURSION = YES;
				CLANG_WARN_INT_CONVERSION = YES;
				CLANG_WARN_NON_LITERAL_NULL_CONVERSION = YES;
				CLANG_WARN_OBJC_IMPLICIT_RETAIN_SELF = YES;
				CLANG_WARN_OBJC_LITERAL_CONVERSION = YES;
				CLANG_WARN_OBJC_ROOT_CLASS = YES_ERROR;
				CLANG_WARN_QUOTED_INCLUDE_IN_FRAMEWORK_HEADER = YES;
				CLANG_WARN_RANGE_LOOP_ANALYSIS = YES;
				CLANG_WARN_STRICT_PROTOTYPES = YES;
				CLANG_WARN_SUSPICIOUS_MOVE = YES;
				CLANG_WARN_UNGUARDED_AVAILABILITY = YES_AGGRESSIVE;
				CLANG_WARN_UNREACHABLE_CODE = YES;
				CLANG_WARN__DUPLICATE_METHOD_MATCH = YES;
				COPY_PHASE_STRIP = NO;
				DEBUG_INFORMATION_FORMAT = dwarf;
				ENABLE_STRICT_OBJC_MSGSEND = YES;
				ENABLE_TESTABILITY = YES;
				GCC_C_LANGUAGE_STANDARD = gnu11;
				GCC_DYNAMIC_NO_PIC = NO;
				GCC_NO_COMMON_BLOCKS = YES;
				GCC_OPTIMIZATION_LEVEL = 0;
				GCC_PREPROCESSOR_DEFINITIONS = (
					"DEBUG=1",
					"$(inherited)",
				);
				GCC_WARN_64_TO_32_BIT_CONVERSION = YES;
				GCC_WARN_ABOUT_RETURN_TYPE = YES_ERROR;
				GCC_WARN_UNDECLARED_SELECTOR = YES;
				GCC_WARN_UNINITIALIZED_AUTOS = YES_AGGRESSIVE;
				GCC_WARN_UNUSED_FUNCTION = YES;
				GCC_WARN_UNUSED_VARIABLE = YES;
				IPHONEOS_DEPLOYMENT_TARGET = 14.1;
				MTL_ENABLE_DEBUG_INFO = INCLUDE_SOURCE;
				MTL_FAST_MATH = YES;
				ONLY_ACTIVE_ARCH = YES;
				SDKROOT = iphoneos;
				SWIFT_ACTIVE_COMPILATION_CONDITIONS = DEBUG;
				SWIFT_OPTIMIZATION_LEVEL = "-Onone";
			};
			name = Debug;
		};
		E8C00CBE25BC670800FC6A2A /* Release */ = {
			isa = XCBuildConfiguration;
			buildSettings = {
				ALWAYS_SEARCH_USER_PATHS = NO;
				CLANG_ANALYZER_NONNULL = YES;
				CLANG_ANALYZER_NUMBER_OBJECT_CONVERSION = YES_AGGRESSIVE;
				CLANG_CXX_LANGUAGE_STANDARD = "gnu++14";
				CLANG_CXX_LIBRARY = "libc++";
				CLANG_ENABLE_MODULES = YES;
				CLANG_ENABLE_OBJC_ARC = YES;
				CLANG_ENABLE_OBJC_WEAK = YES;
				CLANG_WARN_BLOCK_CAPTURE_AUTORELEASING = YES;
				CLANG_WARN_BOOL_CONVERSION = YES;
				CLANG_WARN_COMMA = YES;
				CLANG_WARN_CONSTANT_CONVERSION = YES;
				CLANG_WARN_DEPRECATED_OBJC_IMPLEMENTATIONS = YES;
				CLANG_WARN_DIRECT_OBJC_ISA_USAGE = YES_ERROR;
				CLANG_WARN_DOCUMENTATION_COMMENTS = YES;
				CLANG_WARN_EMPTY_BODY = YES;
				CLANG_WARN_ENUM_CONVERSION = YES;
				CLANG_WARN_INFINITE_RECURSION = YES;
				CLANG_WARN_INT_CONVERSION = YES;
				CLANG_WARN_NON_LITERAL_NULL_CONVERSION = YES;
				CLANG_WARN_OBJC_IMPLICIT_RETAIN_SELF = YES;
				CLANG_WARN_OBJC_LITERAL_CONVERSION = YES;
				CLANG_WARN_OBJC_ROOT_CLASS = YES_ERROR;
				CLANG_WARN_QUOTED_INCLUDE_IN_FRAMEWORK_HEADER = YES;
				CLANG_WARN_RANGE_LOOP_ANALYSIS = YES;
				CLANG_WARN_STRICT_PROTOTYPES = YES;
				CLANG_WARN_SUSPICIOUS_MOVE = YES;
				CLANG_WARN_UNGUARDED_AVAILABILITY = YES_AGGRESSIVE;
				CLANG_WARN_UNREACHABLE_CODE = YES;
				CLANG_WARN__DUPLICATE_METHOD_MATCH = YES;
				COPY_PHASE_STRIP = NO;
				DEBUG_INFORMATION_FORMAT = "dwarf-with-dsym";
				ENABLE_NS_ASSERTIONS = NO;
				ENABLE_STRICT_OBJC_MSGSEND = YES;
				GCC_C_LANGUAGE_STANDARD = gnu11;
				GCC_NO_COMMON_BLOCKS = YES;
				GCC_WARN_64_TO_32_BIT_CONVERSION = YES;
				GCC_WARN_ABOUT_RETURN_TYPE = YES_ERROR;
				GCC_WARN_UNDECLARED_SELECTOR = YES;
				GCC_WARN_UNINITIALIZED_AUTOS = YES_AGGRESSIVE;
				GCC_WARN_UNUSED_FUNCTION = YES;
				GCC_WARN_UNUSED_VARIABLE = YES;
				IPHONEOS_DEPLOYMENT_TARGET = 14.1;
				MTL_ENABLE_DEBUG_INFO = NO;
				MTL_FAST_MATH = YES;
				SDKROOT = iphoneos;
				SWIFT_COMPILATION_MODE = wholemodule;
				SWIFT_OPTIMIZATION_LEVEL = "-O";
				VALIDATE_PRODUCT = YES;
			};
			name = Release;
		};
		E8C00CC025BC670800FC6A2A /* Debug */ = {
			isa = XCBuildConfiguration;
			baseConfigurationReference = 77687E86C1A70B3124611C52 /* Pods-GitHub-Search.debug.xcconfig */;
			buildSettings = {
				ASSETCATALOG_COMPILER_APPICON_NAME = AppIcon;
				ASSETCATALOG_COMPILER_GLOBAL_ACCENT_COLOR_NAME = AccentColor;
				CODE_SIGN_STYLE = Automatic;
				DEVELOPMENT_TEAM = J6V2UNL325;
				INFOPLIST_FILE = "GitHub-Search/Info.plist";
				LD_RUNPATH_SEARCH_PATHS = (
					"$(inherited)",
					"@executable_path/Frameworks",
				);
				PRODUCT_BUNDLE_IDENTIFIER = "com.miseri.GitHub-Search";
				PRODUCT_NAME = "$(TARGET_NAME)";
				SWIFT_VERSION = 5.0;
				TARGETED_DEVICE_FAMILY = "1,2";
			};
			name = Debug;
		};
		E8C00CC125BC670800FC6A2A /* Release */ = {
			isa = XCBuildConfiguration;
			baseConfigurationReference = 7494D696C223FE844C2D850D /* Pods-GitHub-Search.release.xcconfig */;
			buildSettings = {
				ASSETCATALOG_COMPILER_APPICON_NAME = AppIcon;
				ASSETCATALOG_COMPILER_GLOBAL_ACCENT_COLOR_NAME = AccentColor;
				CODE_SIGN_STYLE = Automatic;
				DEVELOPMENT_TEAM = J6V2UNL325;
				INFOPLIST_FILE = "GitHub-Search/Info.plist";
				LD_RUNPATH_SEARCH_PATHS = (
					"$(inherited)",
					"@executable_path/Frameworks",
				);
				PRODUCT_BUNDLE_IDENTIFIER = "com.miseri.GitHub-Search";
				PRODUCT_NAME = "$(TARGET_NAME)";
				SWIFT_VERSION = 5.0;
				TARGETED_DEVICE_FAMILY = "1,2";
			};
			name = Release;
		};
		E8C00CC325BC670800FC6A2A /* Debug */ = {
			isa = XCBuildConfiguration;
			baseConfigurationReference = 3DF5DE292E5BE6632D2E48AC /* Pods-GitHub-SearchTests.debug.xcconfig */;
			buildSettings = {
				ALWAYS_EMBED_SWIFT_STANDARD_LIBRARIES = YES;
				BUNDLE_LOADER = "$(TEST_HOST)";
				CLANG_ENABLE_MODULES = YES;
				CODE_SIGN_STYLE = Automatic;
				DEVELOPMENT_TEAM = J6V2UNL325;
				INFOPLIST_FILE = "GitHub-SearchTests/Info.plist";
				IPHONEOS_DEPLOYMENT_TARGET = 14.1;
				LD_RUNPATH_SEARCH_PATHS = (
					"$(inherited)",
					"@executable_path/Frameworks",
					"@loader_path/Frameworks",
				);
				PRODUCT_BUNDLE_IDENTIFIER = "com.miseri.GitHub-SearchTests";
				PRODUCT_NAME = "$(TARGET_NAME)";
				SWIFT_OPTIMIZATION_LEVEL = "-Onone";
				SWIFT_VERSION = 5.0;
				TARGETED_DEVICE_FAMILY = "1,2";
				TEST_HOST = "$(BUILT_PRODUCTS_DIR)/GitHub-Search.app/GitHub-Search";
			};
			name = Debug;
		};
		E8C00CC425BC670800FC6A2A /* Release */ = {
			isa = XCBuildConfiguration;
			baseConfigurationReference = 56F3B605DD537BB145238DE0 /* Pods-GitHub-SearchTests.release.xcconfig */;
			buildSettings = {
				ALWAYS_EMBED_SWIFT_STANDARD_LIBRARIES = YES;
				BUNDLE_LOADER = "$(TEST_HOST)";
				CLANG_ENABLE_MODULES = YES;
				CODE_SIGN_STYLE = Automatic;
				DEVELOPMENT_TEAM = J6V2UNL325;
				INFOPLIST_FILE = "GitHub-SearchTests/Info.plist";
				IPHONEOS_DEPLOYMENT_TARGET = 14.1;
				LD_RUNPATH_SEARCH_PATHS = (
					"$(inherited)",
					"@executable_path/Frameworks",
					"@loader_path/Frameworks",
				);
				PRODUCT_BUNDLE_IDENTIFIER = "com.miseri.GitHub-SearchTests";
				PRODUCT_NAME = "$(TARGET_NAME)";
				SWIFT_VERSION = 5.0;
				TARGETED_DEVICE_FAMILY = "1,2";
				TEST_HOST = "$(BUILT_PRODUCTS_DIR)/GitHub-Search.app/GitHub-Search";
			};
			name = Release;
		};
		E8C00CC625BC670800FC6A2A /* Debug */ = {
			isa = XCBuildConfiguration;
			baseConfigurationReference = 072F5F3A65C728CAF6675525 /* Pods-GitHub-Search-GitHub-SearchUITests.debug.xcconfig */;
			buildSettings = {
				ALWAYS_EMBED_SWIFT_STANDARD_LIBRARIES = YES;
				CODE_SIGN_STYLE = Automatic;
				DEVELOPMENT_TEAM = J6V2UNL325;
				INFOPLIST_FILE = "GitHub-SearchUITests/Info.plist";
				LD_RUNPATH_SEARCH_PATHS = (
					"$(inherited)",
					"@executable_path/Frameworks",
					"@loader_path/Frameworks",
				);
				PRODUCT_BUNDLE_IDENTIFIER = "com.miseri.GitHub-SearchUITests";
				PRODUCT_NAME = "$(TARGET_NAME)";
				SWIFT_VERSION = 5.0;
				TARGETED_DEVICE_FAMILY = "1,2";
				TEST_TARGET_NAME = "GitHub-Search";
			};
			name = Debug;
		};
		E8C00CC725BC670800FC6A2A /* Release */ = {
			isa = XCBuildConfiguration;
			baseConfigurationReference = 07958904F0D6EAD7C35726F1 /* Pods-GitHub-Search-GitHub-SearchUITests.release.xcconfig */;
			buildSettings = {
				ALWAYS_EMBED_SWIFT_STANDARD_LIBRARIES = YES;
				CODE_SIGN_STYLE = Automatic;
				DEVELOPMENT_TEAM = J6V2UNL325;
				INFOPLIST_FILE = "GitHub-SearchUITests/Info.plist";
				LD_RUNPATH_SEARCH_PATHS = (
					"$(inherited)",
					"@executable_path/Frameworks",
					"@loader_path/Frameworks",
				);
				PRODUCT_BUNDLE_IDENTIFIER = "com.miseri.GitHub-SearchUITests";
				PRODUCT_NAME = "$(TARGET_NAME)";
				SWIFT_VERSION = 5.0;
				TARGETED_DEVICE_FAMILY = "1,2";
				TEST_TARGET_NAME = "GitHub-Search";
			};
			name = Release;
		};
/* End XCBuildConfiguration section */

/* Begin XCConfigurationList section */
		E8C00C9025BC670600FC6A2A /* Build configuration list for PBXProject "GitHub-Search" */ = {
			isa = XCConfigurationList;
			buildConfigurations = (
				E8C00CBD25BC670800FC6A2A /* Debug */,
				E8C00CBE25BC670800FC6A2A /* Release */,
			);
			defaultConfigurationIsVisible = 0;
			defaultConfigurationName = Release;
		};
		E8C00CBF25BC670800FC6A2A /* Build configuration list for PBXNativeTarget "GitHub-Search" */ = {
			isa = XCConfigurationList;
			buildConfigurations = (
				E8C00CC025BC670800FC6A2A /* Debug */,
				E8C00CC125BC670800FC6A2A /* Release */,
			);
			defaultConfigurationIsVisible = 0;
			defaultConfigurationName = Release;
		};
		E8C00CC225BC670800FC6A2A /* Build configuration list for PBXNativeTarget "GitHub-SearchTests" */ = {
			isa = XCConfigurationList;
			buildConfigurations = (
				E8C00CC325BC670800FC6A2A /* Debug */,
				E8C00CC425BC670800FC6A2A /* Release */,
			);
			defaultConfigurationIsVisible = 0;
			defaultConfigurationName = Release;
		};
		E8C00CC525BC670800FC6A2A /* Build configuration list for PBXNativeTarget "GitHub-SearchUITests" */ = {
			isa = XCConfigurationList;
			buildConfigurations = (
				E8C00CC625BC670800FC6A2A /* Debug */,
				E8C00CC725BC670800FC6A2A /* Release */,
			);
			defaultConfigurationIsVisible = 0;
			defaultConfigurationName = Release;
		};
/* End XCConfigurationList section */
	};
	rootObject = E8C00C8D25BC670600FC6A2A /* Project object */;
}
